
Microsoft Visual Studio Solution File, Format Version 12.00
# Visual Studio Version 17
VisualStudioVersion = 17.10.35004.147
MinimumVisualStudioVersion = 10.0.40219.1
Project("{FAE04EC0-301F-11D3-BF4B-00C04F79EFBC}") = "06182024_s1-l3_esercizio", "06182024_s1-l3_esercizio.csproj", "{7390732D-7D57-4AB7-8273-0FD065175698}"
EndProject
Global
	GlobalSection(SolutionConfigurationPlatforms) = preSolution
		Debug|Any CPU = Debug|Any CPU
		Release|Any CPU = Release|Any CPU
	EndGlobalSection
	GlobalSection(ProjectConfigurationPlatforms) = postSolution
		{7390732D-7D57-4AB7-8273-0FD065175698}.Debug|Any CPU.ActiveCfg = Debug|Any CPU
		{7390732D-7D57-4AB7-8273-0FD065175698}.Debug|Any CPU.Build.0 = Debug|Any CPU
		{7390732D-7D57-4AB7-8273-0FD065175698}.Release|Any CPU.ActiveCfg = Release|Any CPU
		{7390732D-7D57-4AB7-8273-0FD065175698}.Release|Any CPU.Build.0 = Release|Any CPU
	EndGlobalSection
	GlobalSection(SolutionProperties) = preSolution
		HideSolutionNode = FALSE
	EndGlobalSection
	GlobalSection(ExtensibilityGlobals) = postSolution
		SolutionGuid = {FA78DA7B-7379-4C95-8B48-6B10B3E8E677}
	EndGlobalSection
EndGlobal
