
Microsoft Visual Studio Solution File, Format Version 12.00
# Visual Studio Version 17
VisualStudioVersion = 17.10.35004.147
MinimumVisualStudioVersion = 10.0.40219.1
Project("{FAE04EC0-301F-11D3-BF4B-00C04F79EFBC}") = "06182024_s1-l2_esercizio", "06182024_s1-l2_esercizio.csproj", "{09D48C15-2670-48D9-9AF8-67488045489F}"
EndProject
Global
	GlobalSection(SolutionConfigurationPlatforms) = preSolution
		Debug|Any CPU = Debug|Any CPU
		Release|Any CPU = Release|Any CPU
	EndGlobalSection
	GlobalSection(ProjectConfigurationPlatforms) = postSolution
		{09D48C15-2670-48D9-9AF8-67488045489F}.Debug|Any CPU.ActiveCfg = Debug|Any CPU
		{09D48C15-2670-48D9-9AF8-67488045489F}.Debug|Any CPU.Build.0 = Debug|Any CPU
		{09D48C15-2670-48D9-9AF8-67488045489F}.Release|Any CPU.ActiveCfg = Release|Any CPU
		{09D48C15-2670-48D9-9AF8-67488045489F}.Release|Any CPU.Build.0 = Release|Any CPU
	EndGlobalSection
	GlobalSection(SolutionProperties) = preSolution
		HideSolutionNode = FALSE
	EndGlobalSection
	GlobalSection(ExtensibilityGlobals) = postSolution
		SolutionGuid = {6506D39E-B3A3-40E8-A701-54D4FD4F750E}
	EndGlobalSection
EndGlobal
